
Microsoft Visual Studio Solution File, Format Version 12.00
# Visual Studio 15
VisualStudioVersion = 15.0.27130.2027
MinimumVisualStudioVersion = 10.0.40219.1
Project("{FAE04EC0-301F-11D3-BF4B-00C04F79EFBC}") = "Server", "Server\Server.csproj", "{BBCA93FF-3F3F-4AF1-B74D-408F63B8280B}"
EndProject
Global
	GlobalSection(SolutionConfigurationPlatforms) = preSolution
		Debug|Any CPU = Debug|Any CPU
		Release|Any CPU = Release|Any CPU
	EndGlobalSection
	GlobalSection(ProjectConfigurationPlatforms) = postSolution
		{BBCA93FF-3F3F-4AF1-B74D-408F63B8280B}.Debug|Any CPU.ActiveCfg = Debug|Any CPU
		{BBCA93FF-3F3F-4AF1-B74D-408F63B8280B}.Debug|Any CPU.Build.0 = Debug|Any CPU
		{BBCA93FF-3F3F-4AF1-B74D-408F63B8280B}.Release|Any CPU.ActiveCfg = Release|Any CPU
		{BBCA93FF-3F3F-4AF1-B74D-408F63B8280B}.Release|Any CPU.Build.0 = Release|Any CPU
	EndGlobalSection
	GlobalSection(SolutionProperties) = preSolution
		HideSolutionNode = FALSE
	EndGlobalSection
	GlobalSection(ExtensibilityGlobals) = postSolution
		SolutionGuid = {D3CB6604-61F6-49BB-BB38-9B3D3F9343B1}
	EndGlobalSection
EndGlobal
